
Microsoft Visual Studio Solution File, Format Version 12.00
# Visual Studio Version 17
VisualStudioVersion = 17.13.35931.197
MinimumVisualStudioVersion = 10.0.40219.1
Project("{FAE04EC0-301F-11D3-BF4B-00C04F79EFBC}") = "HanoiTower", "HanoiTower.csproj", "{BB793AD2-C758-41FD-A02E-35677B50018D}"
EndProject
Global
	GlobalSection(SolutionConfigurationPlatforms) = preSolution
		Debug|Any CPU = Debug|Any CPU
		Release|Any CPU = Release|Any CPU
	EndGlobalSection
	GlobalSection(ProjectConfigurationPlatforms) = postSolution
		{BB793AD2-C758-41FD-A02E-35677B50018D}.Debug|Any CPU.ActiveCfg = Debug|Any CPU
		{BB793AD2-C758-41FD-A02E-35677B50018D}.Debug|Any CPU.Build.0 = Debug|Any CPU
		{BB793AD2-C758-41FD-A02E-35677B50018D}.Release|Any CPU.ActiveCfg = Release|Any CPU
		{BB793AD2-C758-41FD-A02E-35677B50018D}.Release|Any CPU.Build.0 = Release|Any CPU
	EndGlobalSection
	GlobalSection(SolutionProperties) = preSolution
		HideSolutionNode = FALSE
	EndGlobalSection
	GlobalSection(ExtensibilityGlobals) = postSolution
		SolutionGuid = {F9EC07D4-622A-44F9-8B15-D3C4755B8937}
	EndGlobalSection
EndGlobal
